
Microsoft Visual Studio Solution File, Format Version 12.00
# Visual Studio Version 17
VisualStudioVersion = 17.5.002.0
MinimumVisualStudioVersion = 10.0.40219.1
Project("{2150E333-8FDC-42A3-9474-1A3956D46DE8}") = "prepare", "prepare", "{C5E313AD-E017-4DEE-93E8-E2B003DBFA26}"
EndProject
Project("{9A19103F-16F7-4668-BE54-9A1E7A4F7556}") = "Learning02", "prepare\Learning02\Learning02.csproj", "{CF9C2623-1BE0-4C27-897A-E38F8AD947B9}"
EndProject
Project("{9A19103F-16F7-4668-BE54-9A1E7A4F7556}") = "Learning05", "prepare\Learning05\Learning05.csproj", "{7682D24D-D364-4460-8681-3B66018BF4F7}"
EndProject
Project("{9A19103F-16F7-4668-BE54-9A1E7A4F7556}") = "Learning04", "prepare\Learning04\Learning04.csproj", "{7F5CF00D-4667-46F7-9285-95E524D109DA}"
EndProject
Project("{9A19103F-16F7-4668-BE54-9A1E7A4F7556}") = "Learning03", "prepare\Learning03\Learning03.csproj", "{7690FCF1-7C60-4CCA-B0EF-96DE315B7BA4}"
EndProject
Project("{2150E333-8FDC-42A3-9474-1A3956D46DE8}") = "prove", "prove", "{57207605-9093-48C0-93B3-8DD83432386A}"
EndProject
Project("{9A19103F-16F7-4668-BE54-9A1E7A4F7556}") = "Develop03", "prove\Develop03\Develop03.csproj", "{B21F4990-FA3B-4B54-8832-4ACC7EFC7676}"
EndProject
Project("{9A19103F-16F7-4668-BE54-9A1E7A4F7556}") = "Develop04", "prove\Develop04\Develop04.csproj", "{01F9E123-6D03-499C-A26E-27293EAE5B95}"
EndProject
Project("{9A19103F-16F7-4668-BE54-9A1E7A4F7556}") = "Develop05", "prove\Develop05\Develop05.csproj", "{3F64DB3D-DA4F-467A-9F1E-7B6807A84DAA}"
EndProject
Project("{9A19103F-16F7-4668-BE54-9A1E7A4F7556}") = "Develop02", "prove\Develop02\Develop02.csproj", "{D042DBF4-C6C3-4574-9FFD-60E006EEC4D6}"
EndProject
Project("{2150E333-8FDC-42A3-9474-1A3956D46DE8}") = "sandbox", "sandbox", "{C1121808-0632-43E7-9FA3-3373DE8F5699}"
EndProject
Project("{9A19103F-16F7-4668-BE54-9A1E7A4F7556}") = "Sandbox", "sandbox\Sandbox\Sandbox.csproj", "{12BF20CE-53DF-4CD9-BD2B-5F6B0D0ED6A4}"
EndProject
Project("{2150E333-8FDC-42A3-9474-1A3956D46DE8}") = "final", "final", "{31B7D1A3-E53C-4359-805B-5A27E899073D}"
EndProject
Project("{9A19103F-16F7-4668-BE54-9A1E7A4F7556}") = "FinalProject", "final\FinalProject\FinalProject.csproj", "{76FB45E7-09A3-4A06-84B3-C189EA8B4813}"
EndProject
Project("{9A19103F-16F7-4668-BE54-9A1E7A4F7556}") = "Foundation1", "final\Foundation1\Foundation1.csproj", "{C762D4D3-6511-4EE6-A597-E99D3F1F812E}"
EndProject
Project("{9A19103F-16F7-4668-BE54-9A1E7A4F7556}") = "Foundation4", "final\Foundation4\Foundation4.csproj", "{932CE760-AB33-4B88-8E1B-06815CD89A93}"
EndProject
Project("{9A19103F-16F7-4668-BE54-9A1E7A4F7556}") = "Foundation3", "final\Foundation3\Foundation3.csproj", "{88B5E59D-8110-49F6-902C-2A6DB961E175}"
EndProject
Project("{9A19103F-16F7-4668-BE54-9A1E7A4F7556}") = "Foundation2", "final\Foundation2\Foundation2.csproj", "{EF3AB654-18A6-4EC6-B689-DA4B3CAE0171}"
EndProject
Project("{2150E333-8FDC-42A3-9474-1A3956D46DE8}") = "csharp-prep", "csharp-prep", "{5CDE62C7-65D9-4F76-9080-B6C1C47ED4DB}"
EndProject
Project("{9A19103F-16F7-4668-BE54-9A1E7A4F7556}") = "Prep1", "csharp-prep\Prep1\Prep1.csproj", "{B8B50217-C57C-4FF5-8DCE-0A669A19D29A}"
EndProject
Project("{9A19103F-16F7-4668-BE54-9A1E7A4F7556}") = "Prep5", "csharp-prep\Prep5\Prep5.csproj", "{80105785-E83A-409C-8C7F-27B8F10A7413}"
EndProject
Project("{9A19103F-16F7-4668-BE54-9A1E7A4F7556}") = "Prep2", "csharp-prep\Prep2\Prep2.csproj", "{2543FD75-8C7B-4A48-9AFA-20F00CFF8FC1}"
EndProject
Project("{9A19103F-16F7-4668-BE54-9A1E7A4F7556}") = "Prep3", "csharp-prep\Prep3\Prep3.csproj", "{C7B3E181-D3D6-474C-99F9-4064B222146C}"
EndProject
Project("{9A19103F-16F7-4668-BE54-9A1E7A4F7556}") = "Prep4", "csharp-prep\Prep4\Prep4.csproj", "{F75390D5-F681-4183-98A9-7EE6EEC5C9F8}"
EndProject
Global
	GlobalSection(SolutionConfigurationPlatforms) = preSolution
		Debug|Any CPU = Debug|Any CPU
		Release|Any CPU = Release|Any CPU
	EndGlobalSection
	GlobalSection(ProjectConfigurationPlatforms) = postSolution
		{CF9C2623-1BE0-4C27-897A-E38F8AD947B9}.Debug|Any CPU.ActiveCfg = Debug|Any CPU
		{CF9C2623-1BE0-4C27-897A-E38F8AD947B9}.Debug|Any CPU.Build.0 = Debug|Any CPU
		{CF9C2623-1BE0-4C27-897A-E38F8AD947B9}.Release|Any CPU.ActiveCfg = Release|Any CPU
		{CF9C2623-1BE0-4C27-897A-E38F8AD947B9}.Release|Any CPU.Build.0 = Release|Any CPU
		{7682D24D-D364-4460-8681-3B66018BF4F7}.Debug|Any CPU.ActiveCfg = Debug|Any CPU
		{7682D24D-D364-4460-8681-3B66018BF4F7}.Debug|Any CPU.Build.0 = Debug|Any CPU
		{7682D24D-D364-4460-8681-3B66018BF4F7}.Release|Any CPU.ActiveCfg = Release|Any CPU
		{7682D24D-D364-4460-8681-3B66018BF4F7}.Release|Any CPU.Build.0 = Release|Any CPU
		{7F5CF00D-4667-46F7-9285-95E524D109DA}.Debug|Any CPU.ActiveCfg = Debug|Any CPU
		{7F5CF00D-4667-46F7-9285-95E524D109DA}.Debug|Any CPU.Build.0 = Debug|Any CPU
		{7F5CF00D-4667-46F7-9285-95E524D109DA}.Release|Any CPU.ActiveCfg = Release|Any CPU
		{7F5CF00D-4667-46F7-9285-95E524D109DA}.Release|Any CPU.Build.0 = Release|Any CPU
		{7690FCF1-7C60-4CCA-B0EF-96DE315B7BA4}.Debug|Any CPU.ActiveCfg = Debug|Any CPU
		{7690FCF1-7C60-4CCA-B0EF-96DE315B7BA4}.Debug|Any CPU.Build.0 = Debug|Any CPU
		{7690FCF1-7C60-4CCA-B0EF-96DE315B7BA4}.Release|Any CPU.ActiveCfg = Release|Any CPU
		{7690FCF1-7C60-4CCA-B0EF-96DE315B7BA4}.Release|Any CPU.Build.0 = Release|Any CPU
		{B21F4990-FA3B-4B54-8832-4ACC7EFC7676}.Debug|Any CPU.ActiveCfg = Debug|Any CPU
		{B21F4990-FA3B-4B54-8832-4ACC7EFC7676}.Debug|Any CPU.Build.0 = Debug|Any CPU
		{B21F4990-FA3B-4B54-8832-4ACC7EFC7676}.Release|Any CPU.ActiveCfg = Release|Any CPU
		{B21F4990-FA3B-4B54-8832-4ACC7EFC7676}.Release|Any CPU.Build.0 = Release|Any CPU
		{01F9E123-6D03-499C-A26E-27293EAE5B95}.Debug|Any CPU.ActiveCfg = Debug|Any CPU
		{01F9E123-6D03-499C-A26E-27293EAE5B95}.Debug|Any CPU.Build.0 = Debug|Any CPU
		{01F9E123-6D03-499C-A26E-27293EAE5B95}.Release|Any CPU.ActiveCfg = Release|Any CPU
		{01F9E123-6D03-499C-A26E-27293EAE5B95}.Release|Any CPU.Build.0 = Release|Any CPU
		{3F64DB3D-DA4F-467A-9F1E-7B6807A84DAA}.Debug|Any CPU.ActiveCfg = Debug|Any CPU
		{3F64DB3D-DA4F-467A-9F1E-7B6807A84DAA}.Debug|Any CPU.Build.0 = Debug|Any CPU
		{3F64DB3D-DA4F-467A-9F1E-7B6807A84DAA}.Release|Any CPU.ActiveCfg = Release|Any CPU
		{3F64DB3D-DA4F-467A-9F1E-7B6807A84DAA}.Release|Any CPU.Build.0 = Release|Any CPU
		{D042DBF4-C6C3-4574-9FFD-60E006EEC4D6}.Debug|Any CPU.ActiveCfg = Debug|Any CPU
		{D042DBF4-C6C3-4574-9FFD-60E006EEC4D6}.Debug|Any CPU.Build.0 = Debug|Any CPU
		{D042DBF4-C6C3-4574-9FFD-60E006EEC4D6}.Release|Any CPU.ActiveCfg = Release|Any CPU
		{D042DBF4-C6C3-4574-9FFD-60E006EEC4D6}.Release|Any CPU.Build.0 = Release|Any CPU
		{12BF20CE-53DF-4CD9-BD2B-5F6B0D0ED6A4}.Debug|Any CPU.ActiveCfg = Debug|Any CPU
		{12BF20CE-53DF-4CD9-BD2B-5F6B0D0ED6A4}.Debug|Any CPU.Build.0 = Debug|Any CPU
		{12BF20CE-53DF-4CD9-BD2B-5F6B0D0ED6A4}.Release|Any CPU.ActiveCfg = Release|Any CPU
		{12BF20CE-53DF-4CD9-BD2B-5F6B0D0ED6A4}.Release|Any CPU.Build.0 = Release|Any CPU
		{76FB45E7-09A3-4A06-84B3-C189EA8B4813}.Debug|Any CPU.ActiveCfg = Debug|Any CPU
		{76FB45E7-09A3-4A06-84B3-C189EA8B4813}.Debug|Any CPU.Build.0 = Debug|Any CPU
		{76FB45E7-09A3-4A06-84B3-C189EA8B4813}.Release|Any CPU.ActiveCfg = Release|Any CPU
		{76FB45E7-09A3-4A06-84B3-C189EA8B4813}.Release|Any CPU.Build.0 = Release|Any CPU
		{C762D4D3-6511-4EE6-A597-E99D3F1F812E}.Debug|Any CPU.ActiveCfg = Debug|Any CPU
		{C762D4D3-6511-4EE6-A597-E99D3F1F812E}.Debug|Any CPU.Build.0 = Debug|Any CPU
		{C762D4D3-6511-4EE6-A597-E99D3F1F812E}.Release|Any CPU.ActiveCfg = Release|Any CPU
		{C762D4D3-6511-4EE6-A597-E99D3F1F812E}.Release|Any CPU.Build.0 = Release|Any CPU
		{932CE760-AB33-4B88-8E1B-06815CD89A93}.Debug|Any CPU.ActiveCfg = Debug|Any CPU
		{932CE760-AB33-4B88-8E1B-06815CD89A93}.Debug|Any CPU.Build.0 = Debug|Any CPU
		{932CE760-AB33-4B88-8E1B-06815CD89A93}.Release|Any CPU.ActiveCfg = Release|Any CPU
		{932CE760-AB33-4B88-8E1B-06815CD89A93}.Release|Any CPU.Build.0 = Release|Any CPU
		{88B5E59D-8110-49F6-902C-2A6DB961E175}.Debug|Any CPU.ActiveCfg = Debug|Any CPU
		{88B5E59D-8110-49F6-902C-2A6DB961E175}.Debug|Any CPU.Build.0 = Debug|Any CPU
		{88B5E59D-8110-49F6-902C-2A6DB961E175}.Release|Any CPU.ActiveCfg = Release|Any CPU
		{88B5E59D-8110-49F6-902C-2A6DB961E175}.Release|Any CPU.Build.0 = Release|Any CPU
		{EF3AB654-18A6-4EC6-B689-DA4B3CAE0171}.Debug|Any CPU.ActiveCfg = Debug|Any CPU
		{EF3AB654-18A6-4EC6-B689-DA4B3CAE0171}.Debug|Any CPU.Build.0 = Debug|Any CPU
		{EF3AB654-18A6-4EC6-B689-DA4B3CAE0171}.Release|Any CPU.ActiveCfg = Release|Any CPU
		{EF3AB654-18A6-4EC6-B689-DA4B3CAE0171}.Release|Any CPU.Build.0 = Release|Any CPU
		{B8B50217-C57C-4FF5-8DCE-0A669A19D29A}.Debug|Any CPU.ActiveCfg = Debug|Any CPU
		{B8B50217-C57C-4FF5-8DCE-0A669A19D29A}.Debug|Any CPU.Build.0 = Debug|Any CPU
		{B8B50217-C57C-4FF5-8DCE-0A669A19D29A}.Release|Any CPU.ActiveCfg = Release|Any CPU
		{B8B50217-C57C-4FF5-8DCE-0A669A19D29A}.Release|Any CPU.Build.0 = Release|Any CPU
		{80105785-E83A-409C-8C7F-27B8F10A7413}.Debug|Any CPU.ActiveCfg = Debug|Any CPU
		{80105785-E83A-409C-8C7F-27B8F10A7413}.Debug|Any CPU.Build.0 = Debug|Any CPU
		{80105785-E83A-409C-8C7F-27B8F10A7413}.Release|Any CPU.ActiveCfg = Release|Any CPU
		{80105785-E83A-409C-8C7F-27B8F10A7413}.Release|Any CPU.Build.0 = Release|Any CPU
		{2543FD75-8C7B-4A48-9AFA-20F00CFF8FC1}.Debug|Any CPU.ActiveCfg = Debug|Any CPU
		{2543FD75-8C7B-4A48-9AFA-20F00CFF8FC1}.Debug|Any CPU.Build.0 = Debug|Any CPU
		{2543FD75-8C7B-4A48-9AFA-20F00CFF8FC1}.Release|Any CPU.ActiveCfg = Release|Any CPU
		{2543FD75-8C7B-4A48-9AFA-20F00CFF8FC1}.Release|Any CPU.Build.0 = Release|Any CPU
		{C7B3E181-D3D6-474C-99F9-4064B222146C}.Debug|Any CPU.ActiveCfg = Debug|Any CPU
		{C7B3E181-D3D6-474C-99F9-4064B222146C}.Debug|Any CPU.Build.0 = Debug|Any CPU
		{C7B3E181-D3D6-474C-99F9-4064B222146C}.Release|Any CPU.ActiveCfg = Release|Any CPU
		{C7B3E181-D3D6-474C-99F9-4064B222146C}.Release|Any CPU.Build.0 = Release|Any CPU
		{F75390D5-F681-4183-98A9-7EE6EEC5C9F8}.Debug|Any CPU.ActiveCfg = Debug|Any CPU
		{F75390D5-F681-4183-98A9-7EE6EEC5C9F8}.Debug|Any CPU.Build.0 = Debug|Any CPU
		{F75390D5-F681-4183-98A9-7EE6EEC5C9F8}.Release|Any CPU.ActiveCfg = Release|Any CPU
		{F75390D5-F681-4183-98A9-7EE6EEC5C9F8}.Release|Any CPU.Build.0 = Release|Any CPU
	EndGlobalSection
	GlobalSection(SolutionProperties) = preSolution
		HideSolutionNode = FALSE
	EndGlobalSection
	GlobalSection(NestedProjects) = preSolution
		{CF9C2623-1BE0-4C27-897A-E38F8AD947B9} = {C5E313AD-E017-4DEE-93E8-E2B003DBFA26}
		{7682D24D-D364-4460-8681-3B66018BF4F7} = {C5E313AD-E017-4DEE-93E8-E2B003DBFA26}
		{7F5CF00D-4667-46F7-9285-95E524D109DA} = {C5E313AD-E017-4DEE-93E8-E2B003DBFA26}
		{7690FCF1-7C60-4CCA-B0EF-96DE315B7BA4} = {C5E313AD-E017-4DEE-93E8-E2B003DBFA26}
		{B21F4990-FA3B-4B54-8832-4ACC7EFC7676} = {57207605-9093-48C0-93B3-8DD83432386A}
		{01F9E123-6D03-499C-A26E-27293EAE5B95} = {57207605-9093-48C0-93B3-8DD83432386A}
		{3F64DB3D-DA4F-467A-9F1E-7B6807A84DAA} = {57207605-9093-48C0-93B3-8DD83432386A}
		{D042DBF4-C6C3-4574-9FFD-60E006EEC4D6} = {57207605-9093-48C0-93B3-8DD83432386A}
		{12BF20CE-53DF-4CD9-BD2B-5F6B0D0ED6A4} = {C1121808-0632-43E7-9FA3-3373DE8F5699}
		{76FB45E7-09A3-4A06-84B3-C189EA8B4813} = {31B7D1A3-E53C-4359-805B-5A27E899073D}
		{C762D4D3-6511-4EE6-A597-E99D3F1F812E} = {31B7D1A3-E53C-4359-805B-5A27E899073D}
		{932CE760-AB33-4B88-8E1B-06815CD89A93} = {31B7D1A3-E53C-4359-805B-5A27E899073D}
		{88B5E59D-8110-49F6-902C-2A6DB961E175} = {31B7D1A3-E53C-4359-805B-5A27E899073D}
		{EF3AB654-18A6-4EC6-B689-DA4B3CAE0171} = {31B7D1A3-E53C-4359-805B-5A27E899073D}
		{B8B50217-C57C-4FF5-8DCE-0A669A19D29A} = {5CDE62C7-65D9-4F76-9080-B6C1C47ED4DB}
		{80105785-E83A-409C-8C7F-27B8F10A7413} = {5CDE62C7-65D9-4F76-9080-B6C1C47ED4DB}
		{2543FD75-8C7B-4A48-9AFA-20F00CFF8FC1} = {5CDE62C7-65D9-4F76-9080-B6C1C47ED4DB}
		{C7B3E181-D3D6-474C-99F9-4064B222146C} = {5CDE62C7-65D9-4F76-9080-B6C1C47ED4DB}
		{F75390D5-F681-4183-98A9-7EE6EEC5C9F8} = {5CDE62C7-65D9-4F76-9080-B6C1C47ED4DB}
	EndGlobalSection
	GlobalSection(ExtensibilityGlobals) = postSolution
		SolutionGuid = {39F9AE1B-9296-4082-B6CC-EB8F7280A4F7}
	EndGlobalSection
EndGlobal
